
Microsoft Visual Studio Solution File, Format Version 12.00
# Visual Studio Version 17
VisualStudioVersion = 17.5.33424.131
MinimumVisualStudioVersion = 10.0.40219.1
Project("{9A19103F-16F7-4668-BE54-9A1E7A4F7556}") = "blog.api", "blog.api\blog.api.csproj", "{F0191F72-8B06-4E16-806F-D894B73DE80B}"
EndProject
Project("{FAE04EC0-301F-11D3-BF4B-00C04F79EFBC}") = "blog.api.test", "blog.api.test\blog.api.test.csproj", "{24BC6A23-A7EF-4AD1-AE7D-3606A2B1B722}"
EndProject
Global
	GlobalSection(SolutionConfigurationPlatforms) = preSolution
		Debug|Any CPU = Debug|Any CPU
		Release|Any CPU = Release|Any CPU
	EndGlobalSection
	GlobalSection(ProjectConfigurationPlatforms) = postSolution
		{F0191F72-8B06-4E16-806F-D894B73DE80B}.Debug|Any CPU.ActiveCfg = Debug|Any CPU
		{F0191F72-8B06-4E16-806F-D894B73DE80B}.Debug|Any CPU.Build.0 = Debug|Any CPU
		{F0191F72-8B06-4E16-806F-D894B73DE80B}.Release|Any CPU.ActiveCfg = Release|Any CPU
		{F0191F72-8B06-4E16-806F-D894B73DE80B}.Release|Any CPU.Build.0 = Release|Any CPU
		{24BC6A23-A7EF-4AD1-AE7D-3606A2B1B722}.Debug|Any CPU.ActiveCfg = Debug|Any CPU
		{24BC6A23-A7EF-4AD1-AE7D-3606A2B1B722}.Debug|Any CPU.Build.0 = Debug|Any CPU
		{24BC6A23-A7EF-4AD1-AE7D-3606A2B1B722}.Release|Any CPU.ActiveCfg = Release|Any CPU
		{24BC6A23-A7EF-4AD1-AE7D-3606A2B1B722}.Release|Any CPU.Build.0 = Release|Any CPU
	EndGlobalSection
	GlobalSection(SolutionProperties) = preSolution
		HideSolutionNode = FALSE
	EndGlobalSection
	GlobalSection(ExtensibilityGlobals) = postSolution
		SolutionGuid = {D6BAB50F-3C97-4FA4-A05C-3E13F8A4D943}
	EndGlobalSection
EndGlobal
